
Microsoft Visual Studio Solution File, Format Version 11.00
# Visual Studio 2010
Project("{FAE04EC0-301F-11D3-BF4B-00C04F79EFBC}") = "Taldong2nd", "Assembly-CSharp.csproj", "{898D0339-3C37-FE57-BAFD-2BC8E0A37BD7}"
EndProject
Global
	GlobalSection(SolutionConfigurationPlatforms) = preSolution
		Debug|Any CPU = Debug|Any CPU
		Release|Any CPU = Release|Any CPU
	EndGlobalSection
	GlobalSection(ProjectConfigurationPlatforms) = postSolution
		{898D0339-3C37-FE57-BAFD-2BC8E0A37BD7}.Debug|Any CPU.ActiveCfg = Debug|Any CPU
		{898D0339-3C37-FE57-BAFD-2BC8E0A37BD7}.Debug|Any CPU.Build.0 = Debug|Any CPU
		{898D0339-3C37-FE57-BAFD-2BC8E0A37BD7}.Release|Any CPU.ActiveCfg = Release|Any CPU
		{898D0339-3C37-FE57-BAFD-2BC8E0A37BD7}.Release|Any CPU.Build.0 = Release|Any CPU
	EndGlobalSection
	GlobalSection(SolutionProperties) = preSolution
		HideSolutionNode = FALSE
	EndGlobalSection
	GlobalSection(MonoDevelopProperties) = preSolution
		StartupItem = Assembly-CSharp.csproj
	EndGlobalSection
EndGlobal
